// !$*UTF8*$!
{
	archiveVersion = 1;
	classes = {
	};
	objectVersion = 46;
	objects = {

/* Begin PBXBuildFile section */
		F749CE391DCE9BB900EBCDD1 /* AppDelegate.swift in Sources */ = {isa = PBXBuildFile; fileRef = F749CE381DCE9BB900EBCDD1 /* AppDelegate.swift */; };
		F749CE3B1DCE9BB900EBCDD1 /* ViewController.swift in Sources */ = {isa = PBXBuildFile; fileRef = F749CE3A1DCE9BB900EBCDD1 /* ViewController.swift */; };
		F749CE3E1DCE9BB900EBCDD1 /* Main.storyboard in Resources */ = {isa = PBXBuildFile; fileRef = F749CE3C1DCE9BB900EBCDD1 /* Main.storyboard */; };
		F749CE401DCE9BB900EBCDD1 /* Assets.xcassets in Resources */ = {isa = PBXBuildFile; fileRef = F749CE3F1DCE9BB900EBCDD1 /* Assets.xcassets */; };
		F749CE431DCE9BB900EBCDD1 /* LaunchScreen.storyboard in Resources */ = {isa = PBXBuildFile; fileRef = F749CE411DCE9BB900EBCDD1 /* LaunchScreen.storyboard */; };
		F749CE4E1DCE9BB900EBCDD1 /* Hello_WorldTests.swift in Sources */ = {isa = PBXBuildFile; fileRef = F749CE4D1DCE9BB900EBCDD1 /* Hello_WorldTests.swift */; };
		F749CE591DCE9BB900EBCDD1 /* Hello_WorldUITests.swift in Sources */ = {isa = PBXBuildFile; fileRef = F749CE581DCE9BB900EBCDD1 /* Hello_WorldUITests.swift */; };
/* End PBXBuildFile section */

/* Begin PBXContainerItemProxy section */
		F749CE4A1DCE9BB900EBCDD1 /* PBXContainerItemProxy */ = {
			isa = PBXContainerItemProxy;
			containerPortal = F749CE2D1DCE9BB800EBCDD1 /* Project object */;
			proxyType = 1;
			remoteGlobalIDString = F749CE341DCE9BB900EBCDD1;
			remoteInfo = "Hello World";
		};
		F749CE551DCE9BB900EBCDD1 /* PBXContainerItemProxy */ = {
			isa = PBXContainerItemProxy;
			containerPortal = F749CE2D1DCE9BB800EBCDD1 /* Project object */;
			proxyType = 1;
			remoteGlobalIDString = F749CE341DCE9BB900EBCDD1;
			remoteInfo = "Hello World";
		};
/* End PBXContainerItemProxy section */

/* Begin PBXFileReference section */
		F749CE351DCE9BB900EBCDD1 /* Hello World.app */ = {isa = PBXFileReference; explicitFileType = wrapper.application; includeInIndex = 0; path = "Hello World.app"; sourceTree = BUILT_PRODUCTS_DIR; };
		F749CE381DCE9BB900EBCDD1 /* AppDelegate.swift */ = {isa = PBXFileReference; lastKnownFileType = sourcecode.swift; path = AppDelegate.swift; sourceTree = "<group>"; };
		F749CE3A1DCE9BB900EBCDD1 /* ViewController.swift */ = {isa = PBXFileReference; lastKnownFileType = sourcecode.swift; path = ViewController.swift; sourceTree = "<group>"; };
		F749CE3D1DCE9BB900EBCDD1 /* Base */ = {isa = PBXFileReference; lastKnownFileType = file.storyboard; name = Base; path = Base.lproj/Main.storyboard; sourceTree = "<group>"; };
		F749CE3F1DCE9BB900EBCDD1 /* Assets.xcassets */ = {isa = PBXFileReference; lastKnownFileType = folder.assetcatalog; path = Assets.xcassets; sourceTree = "<group>"; };
		F749CE421DCE9BB900EBCDD1 /* Base */ = {isa = PBXFileReference; lastKnownFileType = file.storyboard; name = Base; path = Base.lproj/LaunchScreen.storyboard; sourceTree = "<group>"; };
		F749CE441DCE9BB900EBCDD1 /* Info.plist */ = {isa = PBXFileReference; lastKnownFileType = text.plist.xml; path = Info.plist; sourceTree = "<group>"; };
		F749CE491DCE9BB900EBCDD1 /* Hello WorldTests.xctest */ = {isa = PBXFileReference; explicitFileType = wrapper.cfbundle; includeInIndex = 0; path = "Hello WorldTests.xctest"; sourceTree = BUILT_PRODUCTS_DIR; };
		F749CE4D1DCE9BB900EBCDD1 /* Hello_WorldTests.swift */ = {isa = PBXFileReference; lastKnownFileType = sourcecode.swift; path = Hello_WorldTests.swift; sourceTree = "<group>"; };
		F749CE4F1DCE9BB900EBCDD1 /* Info.plist */ = {isa = PBXFileReference; lastKnownFileType = text.plist.xml; path = Info.plist; sourceTree = "<group>"; };
		F749CE541DCE9BB900EBCDD1 /* Hello WorldUITests.xctest */ = {isa = PBXFileReference; explicitFileType = wrapper.cfbundle; includeInIndex = 0; path = "Hello WorldUITests.xctest"; sourceTree = BUILT_PRODUCTS_DIR; };
		F749CE581DCE9BB900EBCDD1 /* Hello_WorldUITests.swift */ = {isa = PBXFileReference; lastKnownFileType = sourcecode.swift; path = Hello_WorldUITests.swift; sourceTree = "<group>"; };
		F749CE5A1DCE9BB900EBCDD1 /* Info.plist */ = {isa = PBXFileReference; lastKnownFileType = text.plist.xml; path = Info.plist; sourceTree = "<group>"; };
/* End PBXFileReference section */

/* Begin PBXFrameworksBuildPhase section */
		F749CE321DCE9BB900EBCDD1 /* Frameworks */ = {
			isa = PBXFrameworksBuildPhase;
			buildActionMask = 2147483647;
			files = (
			);
			runOnlyForDeploymentPostprocessing = 0;
		};
		F749CE461DCE9BB900EBCDD1 /* Frameworks */ = {
			isa = PBXFrameworksBuildPhase;
			buildActionMask = 2147483647;
			files = (
			);
			runOnlyForDeploymentPostprocessing = 0;
		};
		F749CE511DCE9BB900EBCDD1 /* Frameworks */ = {
			isa = PBXFrameworksBuildPhase;
			buildActionMask = 2147483647;
			files = (
			);
			runOnlyForDeploymentPostprocessing = 0;
		};
/* End PBXFrameworksBuildPhase section */

/* Begin PBXGroup section */
		F749CE2C1DCE9BB800EBCDD1 = {
			isa = PBXGroup;
			children = (
				F749CE371DCE9BB900EBCDD1 /* Hello World */,
				F749CE4C1DCE9BB900EBCDD1 /* Hello WorldTests */,
				F749CE571DCE9BB900EBCDD1 /* Hello WorldUITests */,
				F749CE361DCE9BB900EBCDD1 /* Products */,
			);
			sourceTree = "<group>";
		};
		F749CE361DCE9BB900EBCDD1 /* Products */ = {
			isa = PBXGroup;
			children = (
				F749CE351DCE9BB900EBCDD1 /* Hello World.app */,
				F749CE491DCE9BB900EBCDD1 /* Hello WorldTests.xctest */,
				F749CE541DCE9BB900EBCDD1 /* Hello WorldUITests.xctest */,
			);
			name = Products;
			sourceTree = "<group>";
		};
		F749CE371DCE9BB900EBCDD1 /* Hello World */ = {
			isa = PBXGroup;
			children = (
				F749CE381DCE9BB900EBCDD1 /* AppDelegate.swift */,
				F749CE3A1DCE9BB900EBCDD1 /* ViewController.swift */,
				F749CE3C1DCE9BB900EBCDD1 /* Main.storyboard */,
				F749CE3F1DCE9BB900EBCDD1 /* Assets.xcassets */,
				F749CE411DCE9BB900EBCDD1 /* LaunchScreen.storyboard */,
				F749CE441DCE9BB900EBCDD1 /* Info.plist */,
			);
			path = "Hello World";
			sourceTree = "<group>";
		};
		F749CE4C1DCE9BB900EBCDD1 /* Hello WorldTests */ = {
			isa = PBXGroup;
			children = (
				F749CE4D1DCE9BB900EBCDD1 /* Hello_WorldTests.swift */,
				F749CE4F1DCE9BB900EBCDD1 /* Info.plist */,
			);
			path = "Hello WorldTests";
			sourceTree = "<group>";
		};
		F749CE571DCE9BB900EBCDD1 /* Hello WorldUITests */ = {
			isa = PBXGroup;
			children = (
				F749CE581DCE9BB900EBCDD1 /* Hello_WorldUITests.swift */,
				F749CE5A1DCE9BB900EBCDD1 /* Info.plist */,
			);
			path = "Hello WorldUITests";
			sourceTree = "<group>";
		};
/* End PBXGroup section */

/* Begin PBXNativeTarget section */
		F749CE341DCE9BB900EBCDD1 /* Hello World */ = {
			isa = PBXNativeTarget;
			buildConfigurationList = F749CE5D1DCE9BB900EBCDD1 /* Build configuration list for PBXNativeTarget "Hello World" */;
			buildPhases = (
				F749CE311DCE9BB900EBCDD1 /* Sources */,
				F749CE321DCE9BB900EBCDD1 /* Frameworks */,
				F749CE331DCE9BB900EBCDD1 /* Resources */,
			);
			buildRules = (
			);
			dependencies = (
			);
			name = "Hello World";
			productName = "Hello World";
			productReference = F749CE351DCE9BB900EBCDD1 /* Hello World.app */;
			productType = "com.apple.product-type.application";
		};
		F749CE481DCE9BB900EBCDD1 /* Hello WorldTests */ = {
			isa = PBXNativeTarget;
			buildConfigurationList = F749CE601DCE9BB900EBCDD1 /* Build configuration list for PBXNativeTarget "Hello WorldTests" */;
			buildPhases = (
				F749CE451DCE9BB900EBCDD1 /* Sources */,
				F749CE461DCE9BB900EBCDD1 /* Frameworks */,
				F749CE471DCE9BB900EBCDD1 /* Resources */,
			);
			buildRules = (
			);
			dependencies = (
				F749CE4B1DCE9BB900EBCDD1 /* PBXTargetDependency */,
			);
			name = "Hello WorldTests";
			productName = "Hello WorldTests";
			productReference = F749CE491DCE9BB900EBCDD1 /* Hello WorldTests.xctest */;
			productType = "com.apple.product-type.bundle.unit-test";
		};
		F749CE531DCE9BB900EBCDD1 /* Hello WorldUITests */ = {
			isa = PBXNativeTarget;
			buildConfigurationList = F749CE631DCE9BB900EBCDD1 /* Build configuration list for PBXNativeTarget "Hello WorldUITests" */;
			buildPhases = (
				F749CE501DCE9BB900EBCDD1 /* Sources */,
				F749CE511DCE9BB900EBCDD1 /* Frameworks */,
				F749CE521DCE9BB900EBCDD1 /* Resources */,
			);
			buildRules = (
			);
			dependencies = (
				F749CE561DCE9BB900EBCDD1 /* PBXTargetDependency */,
			);
			name = "Hello WorldUITests";
			productName = "Hello WorldUITests";
			productReference = F749CE541DCE9BB900EBCDD1 /* Hello WorldUITests.xctest */;
			productType = "com.apple.product-type.bundle.ui-testing";
		};
/* End PBXNativeTarget section */

/* Begin PBXProject section */
		F749CE2D1DCE9BB800EBCDD1 /* Project object */ = {
			isa = PBXProject;
			attributes = {
				LastSwiftUpdateCheck = 0810;
				LastUpgradeCheck = 0810;
				ORGANIZATIONNAME = "Pixel Art Studios Limited";
				TargetAttributes = {
					F749CE341DCE9BB900EBCDD1 = {
						CreatedOnToolsVersion = 8.1;
						ProvisioningStyle = Automatic;
					};
					F749CE481DCE9BB900EBCDD1 = {
						CreatedOnToolsVersion = 8.1;
						ProvisioningStyle = Automatic;
						TestTargetID = F749CE341DCE9BB900EBCDD1;
					};
					F749CE531DCE9BB900EBCDD1 = {
						CreatedOnToolsVersion = 8.1;
						ProvisioningStyle = Automatic;
						TestTargetID = F749CE341DCE9BB900EBCDD1;
					};
				};
			};
			buildConfigurationList = F749CE301DCE9BB800EBCDD1 /* Build configuration list for PBXProject "Hello World" */;
			compatibilityVersion = "Xcode 3.2";
			developmentRegion = English;
			hasScannedForEncodings = 0;
			knownRegions = (
				en,
				Base,
			);
			mainGroup = F749CE2C1DCE9BB800EBCDD1;
			productRefGroup = F749CE361DCE9BB900EBCDD1 /* Products */;
			projectDirPath = "";
			projectRoot = "";
			targets = (
				F749CE341DCE9BB900EBCDD1 /* Hello World */,
				F749CE481DCE9BB900EBCDD1 /* Hello WorldTests */,
				F749CE531DCE9BB900EBCDD1 /* Hello WorldUITests */,
			);
		};
/* End PBXProject section */

/* Begin PBXResourcesBuildPhase section */
		F749CE331DCE9BB900EBCDD1 /* Resources */ = {
			isa = PBXResourcesBuildPhase;
			buildActionMask = 2147483647;
			files = (
				F749CE431DCE9BB900EBCDD1 /* LaunchScreen.storyboard in Resources */,
				F749CE401DCE9BB900EBCDD1 /* Assets.xcassets in Resources */,
				F749CE3E1DCE9BB900EBCDD1 /* Main.storyboard in Resources */,
			);
			runOnlyForDeploymentPostprocessing = 0;
		};
		F749CE471DCE9BB900EBCDD1 /* Resources */ = {
			isa = PBXResourcesBuildPhase;
			buildActionMask = 2147483647;
			files = (
			);
			runOnlyForDeploymentPostprocessing = 0;
		};
		F749CE521DCE9BB900EBCDD1 /* Resources */ = {
			isa = PBXResourcesBuildPhase;
			buildActionMask = 2147483647;
			files = (
			);
			runOnlyForDeploymentPostprocessing = 0;
		};
/* End PBXResourcesBuildPhase section */

/* Begin PBXSourcesBuildPhase section */
		F749CE311DCE9BB900EBCDD1 /* Sources */ = {
			isa = PBXSourcesBuildPhase;
			buildActionMask = 2147483647;
			files = (
				F749CE3B1DCE9BB900EBCDD1 /* ViewController.swift in Sources */,
				F749CE391DCE9BB900EBCDD1 /* AppDelegate.swift in Sources */,
			);
			runOnlyForDeploymentPostprocessing = 0;
		};
		F749CE451DCE9BB900EBCDD1 /* Sources */ = {
			isa = PBXSourcesBuildPhase;
			buildActionMask = 2147483647;
			files = (
				F749CE4E1DCE9BB900EBCDD1 /* Hello_WorldTests.swift in Sources */,
			);
			runOnlyForDeploymentPostprocessing = 0;
		};
		F749CE501DCE9BB900EBCDD1 /* Sources */ = {
			isa = PBXSourcesBuildPhase;
			buildActionMask = 2147483647;
			files = (
				F749CE591DCE9BB900EBCDD1 /* Hello_WorldUITests.swift in Sources */,
			);
			runOnlyForDeploymentPostprocessing = 0;
		};
/* End PBXSourcesBuildPhase section */

/* Begin PBXTargetDependency section */
		F749CE4B1DCE9BB900EBCDD1 /* PBXTargetDependency */ = {
			isa = PBXTargetDependency;
			target = F749CE341DCE9BB900EBCDD1 /* Hello World */;
			targetProxy = F749CE4A1DCE9BB900EBCDD1 /* PBXContainerItemProxy */;
		};
		F749CE561DCE9BB900EBCDD1 /* PBXTargetDependency */ = {
			isa = PBXTargetDependency;
			target = F749CE341DCE9BB900EBCDD1 /* Hello World */;
			targetProxy = F749CE551DCE9BB900EBCDD1 /* PBXContainerItemProxy */;
		};
/* End PBXTargetDependency section */

/* Begin PBXVariantGroup section */
		F749CE3C1DCE9BB900EBCDD1 /* Main.storyboard */ = {
			isa = PBXVariantGroup;
			children = (
				F749CE3D1DCE9BB900EBCDD1 /* Base */,
			);
			name = Main.storyboard;
			sourceTree = "<group>";
		};
		F749CE411DCE9BB900EBCDD1 /* LaunchScreen.storyboard */ = {
			isa = PBXVariantGroup;
			children = (
				F749CE421DCE9BB900EBCDD1 /* Base */,
			);
			name = LaunchScreen.storyboard;
			sourceTree = "<group>";
		};
/* End PBXVariantGroup section */

/* Begin XCBuildConfiguration section */
		F749CE5B1DCE9BB900EBCDD1 /* Debug */ = {
			isa = XCBuildConfiguration;
			buildSettings = {
				ALWAYS_SEARCH_USER_PATHS = NO;
				CLANG_ANALYZER_NONNULL = YES;
				CLANG_CXX_LANGUAGE_STANDARD = "gnu++0x";
				CLANG_CXX_LIBRARY = "libc++";
				CLANG_ENABLE_MODULES = YES;
				CLANG_ENABLE_OBJC_ARC = YES;
				CLANG_WARN_BOOL_CONVERSION = YES;
				CLANG_WARN_CONSTANT_CONVERSION = YES;
				CLANG_WARN_DIRECT_OBJC_ISA_USAGE = YES_ERROR;
				CLANG_WARN_DOCUMENTATION_COMMENTS = YES;
				CLANG_WARN_EMPTY_BODY = YES;
				CLANG_WARN_ENUM_CONVERSION = YES;
				CLANG_WARN_INFINITE_RECURSION = YES;
				CLANG_WARN_INT_CONVERSION = YES;
				CLANG_WARN_OBJC_ROOT_CLASS = YES_ERROR;
				CLANG_WARN_SUSPICIOUS_MOVES = YES;
				CLANG_WARN_UNREACHABLE_CODE = YES;
				CLANG_WARN__DUPLICATE_METHOD_MATCH = YES;
				"CODE_SIGN_IDENTITY[sdk=iphoneos*]" = "iPhone Developer";
				COPY_PHASE_STRIP = NO;
				DEBUG_INFORMATION_FORMAT = dwarf;
				ENABLE_STRICT_OBJC_MSGSEND = YES;
				ENABLE_TESTABILITY = YES;
				GCC_C_LANGUAGE_STANDARD = gnu99;
				GCC_DYNAMIC_NO_PIC = NO;
				GCC_NO_COMMON_BLOCKS = YES;
				GCC_OPTIMIZATION_LEVEL = 0;
				GCC_PREPROCESSOR_DEFINITIONS = (
					"DEBUG=1",
					"$(inherited)",
				);
				GCC_WARN_64_TO_32_BIT_CONVERSION = YES;
				GCC_WARN_ABOUT_RETURN_TYPE = YES_ERROR;
				GCC_WARN_UNDECLARED_SELECTOR = YES;
				GCC_WARN_UNINITIALIZED_AUTOS = YES_AGGRESSIVE;
				GCC_WARN_UNUSED_FUNCTION = YES;
				GCC_WARN_UNUSED_VARIABLE = YES;
				IPHONEOS_DEPLOYMENT_TARGET = 10.1;
				MTL_ENABLE_DEBUG_INFO = YES;
				ONLY_ACTIVE_ARCH = YES;
				SDKROOT = iphoneos;
				SWIFT_ACTIVE_COMPILATION_CONDITIONS = DEBUG;
				SWIFT_OPTIMIZATION_LEVEL = "-Onone";
				TARGETED_DEVICE_FAMILY = "1,2";
			};
			name = Debug;
		};
		F749CE5C1DCE9BB900EBCDD1 /* Release */ = {
			isa = XCBuildConfiguration;
			buildSettings = {
				ALWAYS_SEARCH_USER_PATHS = NO;
				CLANG_ANALYZER_NONNULL = YES;
				CLANG_CXX_LANGUAGE_STANDARD = "gnu++0x";
				CLANG_CXX_LIBRARY = "libc++";
				CLANG_ENABLE_MODULES = YES;
				CLANG_ENABLE_OBJC_ARC = YES;
				CLANG_WARN_BOOL_CONVERSION = YES;
				CLANG_WARN_CONSTANT_CONVERSION = YES;
				CLANG_WARN_DIRECT_OBJC_ISA_USAGE = YES_ERROR;
				CLANG_WARN_DOCUMENTATION_COMMENTS = YES;
				CLANG_WARN_EMPTY_BODY = YES;
				CLANG_WARN_ENUM_CONVERSION = YES;
				CLANG_WARN_INFINITE_RECURSION = YES;
				CLANG_WARN_INT_CONVERSION = YES;
				CLANG_WARN_OBJC_ROOT_CLASS = YES_ERROR;
				CLANG_WARN_SUSPICIOUS_MOVES = YES;
				CLANG_WARN_UNREACHABLE_CODE = YES;
				CLANG_WARN__DUPLICATE_METHOD_MATCH = YES;
				"CODE_SIGN_IDENTITY[sdk=iphoneos*]" = "iPhone Developer";
				COPY_PHASE_STRIP = NO;
				DEBUG_INFORMATION_FORMAT = "dwarf-with-dsym";
				ENABLE_NS_ASSERTIONS = NO;
				ENABLE_STRICT_OBJC_MSGSEND = YES;
				GCC_C_LANGUAGE_STANDARD = gnu99;
				GCC_NO_COMMON_BLOCKS = YES;
				GCC_WARN_64_TO_32_BIT_CONVERSION = YES;
				GCC_WARN_ABOUT_RETURN_TYPE = YES_ERROR;
				GCC_WARN_UNDECLARED_SELECTOR = YES;
				GCC_WARN_UNINITIALIZED_AUTOS = YES_AGGRESSIVE;
				GCC_WARN_UNUSED_FUNCTION = YES;
				GCC_WARN_UNUSED_VARIABLE = YES;
				IPHONEOS_DEPLOYMENT_TARGET = 10.1;
				MTL_ENABLE_DEBUG_INFO = NO;
				SDKROOT = iphoneos;
				SWIFT_OPTIMIZATION_LEVEL = "-Owholemodule";
				TARGETED_DEVICE_FAMILY = "1,2";
				VALIDATE_PRODUCT = YES;
			};
			name = Release;
		};
		F749CE5E1DCE9BB900EBCDD1 /* Debug */ = {
			isa = XCBuildConfiguration;
			buildSettings = {
				ASSETCATALOG_COMPILER_APPICON_NAME = AppIcon;
				INFOPLIST_FILE = "Hello World/Info.plist";
				LD_RUNPATH_SEARCH_PATHS = "$(inherited) @executable_path/Frameworks";
				PRODUCT_BUNDLE_IDENTIFIER = "pixel.art.Hello-World";
				PRODUCT_NAME = "$(TARGET_NAME)";
				SWIFT_VERSION = 3.0;
			};
			name = Debug;
		};
		F749CE5F1DCE9BB900EBCDD1 /* Release */ = {
			isa = XCBuildConfiguration;
			buildSettings = {
				ASSETCATALOG_COMPILER_APPICON_NAME = AppIcon;
				INFOPLIST_FILE = "Hello World/Info.plist";
				LD_RUNPATH_SEARCH_PATHS = "$(inherited) @executable_path/Frameworks";
				PRODUCT_BUNDLE_IDENTIFIER = "pixel.art.Hello-World";
				PRODUCT_NAME = "$(TARGET_NAME)";
				SWIFT_VERSION = 3.0;
			};
			name = Release;
		};
		F749CE611DCE9BB900EBCDD1 /* Debug */ = {
			isa = XCBuildConfiguration;
			buildSettings = {
				ALWAYS_EMBED_SWIFT_STANDARD_LIBRARIES = YES;
				BUNDLE_LOADER = "$(TEST_HOST)";
				INFOPLIST_FILE = "Hello WorldTests/Info.plist";
				LD_RUNPATH_SEARCH_PATHS = "$(inherited) @executable_path/Frameworks @loader_path/Frameworks";
				PRODUCT_BUNDLE_IDENTIFIER = "pixel.art.Hello-WorldTests";
				PRODUCT_NAME = "$(TARGET_NAME)";
				SWIFT_VERSION = 3.0;
				TEST_HOST = "$(BUILT_PRODUCTS_DIR)/Hello World.app/Hello World";
			};
			name = Debug;
		};
		F749CE621DCE9BB900EBCDD1 /* Release */ = {
			isa = XCBuildConfiguration;
			buildSettings = {
				ALWAYS_EMBED_SWIFT_STANDARD_LIBRARIES = YES;
				BUNDLE_LOADER = "$(TEST_HOST)";
				INFOPLIST_FILE = "Hello WorldTests/Info.plist";
				LD_RUNPATH_SEARCH_PATHS = "$(inherited) @executable_path/Frameworks @loader_path/Frameworks";
				PRODUCT_BUNDLE_IDENTIFIER = "pixel.art.Hello-WorldTests";
				PRODUCT_NAME = "$(TARGET_NAME)";
				SWIFT_VERSION = 3.0;
				TEST_HOST = "$(BUILT_PRODUCTS_DIR)/Hello World.app/Hello World";
			};
			name = Release;
		};
		F749CE641DCE9BB900EBCDD1 /* Debug */ = {
			isa = XCBuildConfiguration;
			buildSettings = {
				ALWAYS_EMBED_SWIFT_STANDARD_LIBRARIES = YES;
				INFOPLIST_FILE = "Hello WorldUITests/Info.plist";
				LD_RUNPATH_SEARCH_PATHS = "$(inherited) @executable_path/Frameworks @loader_path/Frameworks";
				PRODUCT_BUNDLE_IDENTIFIER = "pixel.art.Hello-WorldUITests";
				PRODUCT_NAME = "$(TARGET_NAME)";
				SWIFT_VERSION = 3.0;
				TEST_TARGET_NAME = "Hello World";
			};
			name = Debug;
		};
		F749CE651DCE9BB900EBCDD1 /* Release */ = {
			isa = XCBuildConfiguration;
			buildSettings = {
				ALWAYS_EMBED_SWIFT_STANDARD_LIBRARIES = YES;
				INFOPLIST_FILE = "Hello WorldUITests/Info.plist";
				LD_RUNPATH_SEARCH_PATHS = "$(inherited) @executable_path/Frameworks @loader_path/Frameworks";
				PRODUCT_BUNDLE_IDENTIFIER = "pixel.art.Hello-WorldUITests";
				PRODUCT_NAME = "$(TARGET_NAME)";
				SWIFT_VERSION = 3.0;
				TEST_TARGET_NAME = "Hello World";
			};
			name = Release;
		};
/* End XCBuildConfiguration section */

/* Begin XCConfigurationList section */
		F749CE301DCE9BB800EBCDD1 /* Build configuration list for PBXProject "Hello World" */ = {
			isa = XCConfigurationList;
			buildConfigurations = (
				F749CE5B1DCE9BB900EBCDD1 /* Debug */,
				F749CE5C1DCE9BB900EBCDD1 /* Release */,
			);
			defaultConfigurationIsVisible = 0;
			defaultConfigurationName = Release;
		};
		F749CE5D1DCE9BB900EBCDD1 /* Build configuration list for PBXNativeTarget "Hello World" */ = {
			isa = XCConfigurationList;
			buildConfigurations = (
				F749CE5E1DCE9BB900EBCDD1 /* Debug */,
				F749CE5F1DCE9BB900EBCDD1 /* Release */,
			);
			defaultConfigurationIsVisible = 0;
		};
		F749CE601DCE9BB900EBCDD1 /* Build configuration list for PBXNativeTarget "Hello WorldTests" */ = {
			isa = XCConfigurationList;
			buildConfigurations = (
				F749CE611DCE9BB900EBCDD1 /* Debug */,
				F749CE621DCE9BB900EBCDD1 /* Release */,
			);
			defaultConfigurationIsVisible = 0;
		};
		F749CE631DCE9BB900EBCDD1 /* Build configuration list for PBXNativeTarget "Hello WorldUITests" */ = {
			isa = XCConfigurationList;
			buildConfigurations = (
				F749CE641DCE9BB900EBCDD1 /* Debug */,
				F749CE651DCE9BB900EBCDD1 /* Release */,
			);
			defaultConfigurationIsVisible = 0;
		};
/* End XCConfigurationList section */
	};
	rootObject = F749CE2D1DCE9BB800EBCDD1 /* Project object */;
}
